
Microsoft Visual Studio Solution File, Format Version 12.00
# Visual Studio 15
VisualStudioVersion = 15.0.28307.1022
MinimumVisualStudioVersion = 10.0.40219.1
Project("{888888A0-9F3D-457C-B088-3A5042F75D52}") = "EigenWebApp", "EigenWebApp\EigenWebApp.pyproj", "{B5156FFD-0E71-46FF-9E9B-80F12A0EF97A}"
EndProject
Global
	GlobalSection(SolutionConfigurationPlatforms) = preSolution
		Debug|Any CPU = Debug|Any CPU
		Release|Any CPU = Release|Any CPU
	EndGlobalSection
	GlobalSection(ProjectConfigurationPlatforms) = postSolution
		{B5156FFD-0E71-46FF-9E9B-80F12A0EF97A}.Debug|Any CPU.ActiveCfg = Debug|Any CPU
		{B5156FFD-0E71-46FF-9E9B-80F12A0EF97A}.Debug|Any CPU.Build.0 = Debug|Any CPU
		{B5156FFD-0E71-46FF-9E9B-80F12A0EF97A}.Release|Any CPU.ActiveCfg = Release|Any CPU
		{B5156FFD-0E71-46FF-9E9B-80F12A0EF97A}.Release|Any CPU.Build.0 = Release|Any CPU
	EndGlobalSection
	GlobalSection(SolutionProperties) = preSolution
		HideSolutionNode = FALSE
	EndGlobalSection
	GlobalSection(ExtensibilityGlobals) = postSolution
		SolutionGuid = {AAC04116-F469-48E6-8404-89B7A88B9813}
	EndGlobalSection
EndGlobal
